
Microsoft Visual Studio Solution File, Format Version 12.00
# Visual Studio Version 17
VisualStudioVersion = 17.2.32602.215
MinimumVisualStudioVersion = 10.0.40219.1
Project("{FAE04EC0-301F-11D3-BF4B-00C04F79EFBC}") = "ActivitiesWithParents", "ActivitiesWithParents\ActivitiesWithParents.csproj", "{F89C6772-6A5D-4CA6-B2FB-5E318D7A8554}"
EndProject
Global
	GlobalSection(SolutionConfigurationPlatforms) = preSolution
		Debug|Any CPU = Debug|Any CPU
		Release|Any CPU = Release|Any CPU
	EndGlobalSection
	GlobalSection(ProjectConfigurationPlatforms) = postSolution
		{F89C6772-6A5D-4CA6-B2FB-5E318D7A8554}.Debug|Any CPU.ActiveCfg = Debug|Any CPU
		{F89C6772-6A5D-4CA6-B2FB-5E318D7A8554}.Debug|Any CPU.Build.0 = Debug|Any CPU
		{F89C6772-6A5D-4CA6-B2FB-5E318D7A8554}.Release|Any CPU.ActiveCfg = Release|Any CPU
		{F89C6772-6A5D-4CA6-B2FB-5E318D7A8554}.Release|Any CPU.Build.0 = Release|Any CPU
	EndGlobalSection
	GlobalSection(SolutionProperties) = preSolution
		HideSolutionNode = FALSE
	EndGlobalSection
	GlobalSection(ExtensibilityGlobals) = postSolution
		SolutionGuid = {61C7BEAE-A2D5-43D4-B899-BC1F22FDBE80}
	EndGlobalSection
EndGlobal
